
Microsoft Visual Studio Solution File, Format Version 12.00
# Visual Studio Version 16
VisualStudioVersion = 16.0.30225.117
MinimumVisualStudioVersion = 10.0.40219.1
Project("{0C603C2C-620A-423B-A800-4F3E2F6281F1}") = "ADLUSQLDatabase", "ADLUSQLDatabase.usqldbproj", "{2029CA79-9439-41A7-8A0B-6349F4FC663A}"
EndProject
Project("{FAE04EC0-301F-11D3-BF4B-00C04F79EFBC}") = "USQLCSharpProject1", "USQLCSharpProject1\USQLCSharpProject1.csproj", "{A186F648-B67B-43EE-834C-ED40C0940E96}"
EndProject
Global
	GlobalSection(SolutionConfigurationPlatforms) = preSolution
		Debug|Any CPU = Debug|Any CPU
		Release|Any CPU = Release|Any CPU
	EndGlobalSection
	GlobalSection(ProjectConfigurationPlatforms) = postSolution
		{2029CA79-9439-41A7-8A0B-6349F4FC663A}.Debug|Any CPU.ActiveCfg = Debug|Any CPU
		{2029CA79-9439-41A7-8A0B-6349F4FC663A}.Debug|Any CPU.Build.0 = Debug|Any CPU
		{2029CA79-9439-41A7-8A0B-6349F4FC663A}.Release|Any CPU.ActiveCfg = Release|Any CPU
		{2029CA79-9439-41A7-8A0B-6349F4FC663A}.Release|Any CPU.Build.0 = Release|Any CPU
		{A186F648-B67B-43EE-834C-ED40C0940E96}.Debug|Any CPU.ActiveCfg = Debug|Any CPU
		{A186F648-B67B-43EE-834C-ED40C0940E96}.Debug|Any CPU.Build.0 = Debug|Any CPU
		{A186F648-B67B-43EE-834C-ED40C0940E96}.Release|Any CPU.ActiveCfg = Release|Any CPU
		{A186F648-B67B-43EE-834C-ED40C0940E96}.Release|Any CPU.Build.0 = Release|Any CPU
	EndGlobalSection
	GlobalSection(SolutionProperties) = preSolution
		HideSolutionNode = FALSE
	EndGlobalSection
	GlobalSection(ExtensibilityGlobals) = postSolution
		SolutionGuid = {8BBF39E6-03FA-403A-9FEB-9CF8CA673FBE}
	EndGlobalSection
EndGlobal
